
Microsoft Visual Studio Solution File, Format Version 12.00
# Visual Studio Version 17
VisualStudioVersion = 17.3.32929.385
MinimumVisualStudioVersion = 10.0.40219.1
Project("{FAE04EC0-301F-11D3-BF4B-00C04F79EFBC}") = "Contacts", "Contacts.csproj", "{0D43A2CB-3825-468C-93CB-7680066504BC}"
EndProject
Global
	GlobalSection(SolutionConfigurationPlatforms) = preSolution
		Debug|Any CPU = Debug|Any CPU
		Release|Any CPU = Release|Any CPU
	EndGlobalSection
	GlobalSection(ProjectConfigurationPlatforms) = postSolution
		{0D43A2CB-3825-468C-93CB-7680066504BC}.Debug|Any CPU.ActiveCfg = Debug|Any CPU
		{0D43A2CB-3825-468C-93CB-7680066504BC}.Debug|Any CPU.Build.0 = Debug|Any CPU
		{0D43A2CB-3825-468C-93CB-7680066504BC}.Release|Any CPU.ActiveCfg = Release|Any CPU
		{0D43A2CB-3825-468C-93CB-7680066504BC}.Release|Any CPU.Build.0 = Release|Any CPU
	EndGlobalSection
	GlobalSection(SolutionProperties) = preSolution
		HideSolutionNode = FALSE
	EndGlobalSection
	GlobalSection(ExtensibilityGlobals) = postSolution
		SolutionGuid = {1917E401-B647-43F6-9006-12CE2061043B}
	EndGlobalSection
EndGlobal
